
Microsoft Visual Studio Solution File, Format Version 12.00
# Visual Studio Version 16
VisualStudioVersion = 16.0.30523.141
MinimumVisualStudioVersion = 10.0.40219.1
Project("{FAE04EC0-301F-11D3-BF4B-00C04F79EFBC}") = "multiples_of_3_and_5", "multiples_of_3_and_5\multiples_of_3_and_5.csproj", "{23588D38-8C53-4B3A-BEC1-07E939F18BBB}"
EndProject
Global
	GlobalSection(SolutionConfigurationPlatforms) = preSolution
		Debug|Any CPU = Debug|Any CPU
		Release|Any CPU = Release|Any CPU
	EndGlobalSection
	GlobalSection(ProjectConfigurationPlatforms) = postSolution
		{23588D38-8C53-4B3A-BEC1-07E939F18BBB}.Debug|Any CPU.ActiveCfg = Debug|Any CPU
		{23588D38-8C53-4B3A-BEC1-07E939F18BBB}.Debug|Any CPU.Build.0 = Debug|Any CPU
		{23588D38-8C53-4B3A-BEC1-07E939F18BBB}.Release|Any CPU.ActiveCfg = Release|Any CPU
		{23588D38-8C53-4B3A-BEC1-07E939F18BBB}.Release|Any CPU.Build.0 = Release|Any CPU
	EndGlobalSection
	GlobalSection(SolutionProperties) = preSolution
		HideSolutionNode = FALSE
	EndGlobalSection
	GlobalSection(ExtensibilityGlobals) = postSolution
		SolutionGuid = {B284109C-FDD4-48D5-8BD9-AFD76A6430F7}
	EndGlobalSection
EndGlobal
